
Microsoft Visual Studio Solution File, Format Version 12.00
Project("{FAE04EC0-301F-11D3-BF4B-00C04F79EFBC}") = "PSM_6", "PSM_6\PSM_6.csproj", "{616CA4A9-8B6A-4B8B-80DA-96D3A4C59E68}"
EndProject
Global
	GlobalSection(SolutionConfigurationPlatforms) = preSolution
		Debug|Any CPU = Debug|Any CPU
		Release|Any CPU = Release|Any CPU
	EndGlobalSection
	GlobalSection(ProjectConfigurationPlatforms) = postSolution
		{616CA4A9-8B6A-4B8B-80DA-96D3A4C59E68}.Debug|Any CPU.ActiveCfg = Debug|Any CPU
		{616CA4A9-8B6A-4B8B-80DA-96D3A4C59E68}.Debug|Any CPU.Build.0 = Debug|Any CPU
		{616CA4A9-8B6A-4B8B-80DA-96D3A4C59E68}.Release|Any CPU.ActiveCfg = Release|Any CPU
		{616CA4A9-8B6A-4B8B-80DA-96D3A4C59E68}.Release|Any CPU.Build.0 = Release|Any CPU
	EndGlobalSection
EndGlobal
